
Microsoft Visual Studio Solution File, Format Version 12.00
# Visual Studio Version 16
VisualStudioVersion = 16.0.32106.194
MinimumVisualStudioVersion = 10.0.40219.1
Project("{9A19103F-16F7-4668-BE54-9A1E7A4F7556}") = "LibraryProject", "Kutuphane\LibraryProject.csproj", "{2784AAA0-5BFD-443C-B5BB-411CC1074181}"
EndProject
Global
	GlobalSection(SolutionConfigurationPlatforms) = preSolution
		Debug|Any CPU = Debug|Any CPU
		Release|Any CPU = Release|Any CPU
	EndGlobalSection
	GlobalSection(ProjectConfigurationPlatforms) = postSolution
		{2784AAA0-5BFD-443C-B5BB-411CC1074181}.Debug|Any CPU.ActiveCfg = Debug|Any CPU
		{2784AAA0-5BFD-443C-B5BB-411CC1074181}.Debug|Any CPU.Build.0 = Debug|Any CPU
		{2784AAA0-5BFD-443C-B5BB-411CC1074181}.Release|Any CPU.ActiveCfg = Release|Any CPU
		{2784AAA0-5BFD-443C-B5BB-411CC1074181}.Release|Any CPU.Build.0 = Release|Any CPU
	EndGlobalSection
	GlobalSection(SolutionProperties) = preSolution
		HideSolutionNode = FALSE
	EndGlobalSection
	GlobalSection(ExtensibilityGlobals) = postSolution
		SolutionGuid = {0D440EFA-7868-486A-9701-2C3AB9EA8CA8}
	EndGlobalSection
EndGlobal
